// !$*UTF8*$!
{
	archiveVersion = 1;
	classes = {
	};
	objectVersion = 48;
	objects = {

/* Begin PBXBuildFile section */
		D35CC49720B2C68F00DD56D8 /* AppDelegate.swift in Sources */ = {isa = PBXBuildFile; fileRef = D35CC49620B2C68F00DD56D8 /* AppDelegate.swift */; };
		D35CC49920B2C68F00DD56D8 /* ViewController.swift in Sources */ = {isa = PBXBuildFile; fileRef = D35CC49820B2C68F00DD56D8 /* ViewController.swift */; };
		D35CC49C20B2C68F00DD56D8 /* Main.storyboard in Resources */ = {isa = PBXBuildFile; fileRef = D35CC49A20B2C68F00DD56D8 /* Main.storyboard */; };
		D35CC49E20B2C68F00DD56D8 /* Assets.xcassets in Resources */ = {isa = PBXBuildFile; fileRef = D35CC49D20B2C68F00DD56D8 /* Assets.xcassets */; };
		D35CC4A120B2C68F00DD56D8 /* LaunchScreen.storyboard in Resources */ = {isa = PBXBuildFile; fileRef = D35CC49F20B2C68F00DD56D8 /* LaunchScreen.storyboard */; };
		D35CC4AC20B2C68F00DD56D8 /* ZYLeadingPageControllerTests.swift in Sources */ = {isa = PBXBuildFile; fileRef = D35CC4AB20B2C68F00DD56D8 /* ZYLeadingPageControllerTests.swift */; };
		D35CC4B720B2C68F00DD56D8 /* ZYLeadingPageControllerUITests.swift in Sources */ = {isa = PBXBuildFile; fileRef = D35CC4B620B2C68F00DD56D8 /* ZYLeadingPageControllerUITests.swift */; };
		D35CC4C520B2C72400DD56D8 /* ZYPageController.swift in Sources */ = {isa = PBXBuildFile; fileRef = D35CC4C420B2C72400DD56D8 /* ZYPageController.swift */; };
		D35CC4C820B2D6EA00DD56D8 /* Constants.swift in Sources */ = {isa = PBXBuildFile; fileRef = D35CC4C720B2D6EA00DD56D8 /* Constants.swift */; };
		D3733E0D20B3C394002A7088 /* ZYPageCell.swift in Sources */ = {isa = PBXBuildFile; fileRef = D3733E0C20B3C394002A7088 /* ZYPageCell.swift */; };
/* End PBXBuildFile section */

/* Begin PBXContainerItemProxy section */
		D35CC4A820B2C68F00DD56D8 /* PBXContainerItemProxy */ = {
			isa = PBXContainerItemProxy;
			containerPortal = D35CC48B20B2C68F00DD56D8 /* Project object */;
			proxyType = 1;
			remoteGlobalIDString = D35CC49220B2C68F00DD56D8;
			remoteInfo = ZYLeadingPageController;
		};
		D35CC4B320B2C68F00DD56D8 /* PBXContainerItemProxy */ = {
			isa = PBXContainerItemProxy;
			containerPortal = D35CC48B20B2C68F00DD56D8 /* Project object */;
			proxyType = 1;
			remoteGlobalIDString = D35CC49220B2C68F00DD56D8;
			remoteInfo = ZYLeadingPageController;
		};
/* End PBXContainerItemProxy section */

/* Begin PBXFileReference section */
		D35CC49320B2C68F00DD56D8 /* ZYLeadingPageController.app */ = {isa = PBXFileReference; explicitFileType = wrapper.application; includeInIndex = 0; path = ZYLeadingPageController.app; sourceTree = BUILT_PRODUCTS_DIR; };
		D35CC49620B2C68F00DD56D8 /* AppDelegate.swift */ = {isa = PBXFileReference; lastKnownFileType = sourcecode.swift; path = AppDelegate.swift; sourceTree = "<group>"; };
		D35CC49820B2C68F00DD56D8 /* ViewController.swift */ = {isa = PBXFileReference; lastKnownFileType = sourcecode.swift; path = ViewController.swift; sourceTree = "<group>"; };
		D35CC49B20B2C68F00DD56D8 /* Base */ = {isa = PBXFileReference; lastKnownFileType = file.storyboard; name = Base; path = Base.lproj/Main.storyboard; sourceTree = "<group>"; };
		D35CC49D20B2C68F00DD56D8 /* Assets.xcassets */ = {isa = PBXFileReference; lastKnownFileType = folder.assetcatalog; path = Assets.xcassets; sourceTree = "<group>"; };
		D35CC4A020B2C68F00DD56D8 /* Base */ = {isa = PBXFileReference; lastKnownFileType = file.storyboard; name = Base; path = Base.lproj/LaunchScreen.storyboard; sourceTree = "<group>"; };
		D35CC4A220B2C68F00DD56D8 /* Info.plist */ = {isa = PBXFileReference; lastKnownFileType = text.plist.xml; path = Info.plist; sourceTree = "<group>"; };
		D35CC4A720B2C68F00DD56D8 /* ZYLeadingPageControllerTests.xctest */ = {isa = PBXFileReference; explicitFileType = wrapper.cfbundle; includeInIndex = 0; path = ZYLeadingPageControllerTests.xctest; sourceTree = BUILT_PRODUCTS_DIR; };
		D35CC4AB20B2C68F00DD56D8 /* ZYLeadingPageControllerTests.swift */ = {isa = PBXFileReference; lastKnownFileType = sourcecode.swift; path = ZYLeadingPageControllerTests.swift; sourceTree = "<group>"; };
		D35CC4AD20B2C68F00DD56D8 /* Info.plist */ = {isa = PBXFileReference; lastKnownFileType = text.plist.xml; path = Info.plist; sourceTree = "<group>"; };
		D35CC4B220B2C68F00DD56D8 /* ZYLeadingPageControllerUITests.xctest */ = {isa = PBXFileReference; explicitFileType = wrapper.cfbundle; includeInIndex = 0; path = ZYLeadingPageControllerUITests.xctest; sourceTree = BUILT_PRODUCTS_DIR; };
		D35CC4B620B2C68F00DD56D8 /* ZYLeadingPageControllerUITests.swift */ = {isa = PBXFileReference; lastKnownFileType = sourcecode.swift; path = ZYLeadingPageControllerUITests.swift; sourceTree = "<group>"; };
		D35CC4B820B2C68F00DD56D8 /* Info.plist */ = {isa = PBXFileReference; lastKnownFileType = text.plist.xml; path = Info.plist; sourceTree = "<group>"; };
		D35CC4C420B2C72400DD56D8 /* ZYPageController.swift */ = {isa = PBXFileReference; lastKnownFileType = sourcecode.swift; path = ZYPageController.swift; sourceTree = "<group>"; };
		D35CC4C720B2D6EA00DD56D8 /* Constants.swift */ = {isa = PBXFileReference; lastKnownFileType = sourcecode.swift; path = Constants.swift; sourceTree = "<group>"; };
		D3733E0C20B3C394002A7088 /* ZYPageCell.swift */ = {isa = PBXFileReference; lastKnownFileType = sourcecode.swift; path = ZYPageCell.swift; sourceTree = "<group>"; };
/* End PBXFileReference section */

/* Begin PBXFrameworksBuildPhase section */
		D35CC49020B2C68F00DD56D8 /* Frameworks */ = {
			isa = PBXFrameworksBuildPhase;
			buildActionMask = 2147483647;
			files = (
			);
			runOnlyForDeploymentPostprocessing = 0;
		};
		D35CC4A420B2C68F00DD56D8 /* Frameworks */ = {
			isa = PBXFrameworksBuildPhase;
			buildActionMask = 2147483647;
			files = (
			);
			runOnlyForDeploymentPostprocessing = 0;
		};
		D35CC4AF20B2C68F00DD56D8 /* Frameworks */ = {
			isa = PBXFrameworksBuildPhase;
			buildActionMask = 2147483647;
			files = (
			);
			runOnlyForDeploymentPostprocessing = 0;
		};
/* End PBXFrameworksBuildPhase section */

/* Begin PBXGroup section */
		D35CC48A20B2C68F00DD56D8 = {
			isa = PBXGroup;
			children = (
				D35CC49520B2C68F00DD56D8 /* ZYLeadingPageController */,
				D35CC4AA20B2C68F00DD56D8 /* ZYLeadingPageControllerTests */,
				D35CC4B520B2C68F00DD56D8 /* ZYLeadingPageControllerUITests */,
				D35CC49420B2C68F00DD56D8 /* Products */,
			);
			sourceTree = "<group>";
		};
		D35CC49420B2C68F00DD56D8 /* Products */ = {
			isa = PBXGroup;
			children = (
				D35CC49320B2C68F00DD56D8 /* ZYLeadingPageController.app */,
				D35CC4A720B2C68F00DD56D8 /* ZYLeadingPageControllerTests.xctest */,
				D35CC4B220B2C68F00DD56D8 /* ZYLeadingPageControllerUITests.xctest */,
			);
			name = Products;
			sourceTree = "<group>";
		};
		D35CC49520B2C68F00DD56D8 /* ZYLeadingPageController */ = {
			isa = PBXGroup;
			children = (
				D35CC49620B2C68F00DD56D8 /* AppDelegate.swift */,
				D35CC49820B2C68F00DD56D8 /* ViewController.swift */,
				D35CC4C420B2C72400DD56D8 /* ZYPageController.swift */,
				D3733E0C20B3C394002A7088 /* ZYPageCell.swift */,
				D35CC4C720B2D6EA00DD56D8 /* Constants.swift */,
				D35CC49A20B2C68F00DD56D8 /* Main.storyboard */,
				D35CC49D20B2C68F00DD56D8 /* Assets.xcassets */,
				D35CC49F20B2C68F00DD56D8 /* LaunchScreen.storyboard */,
				D35CC4A220B2C68F00DD56D8 /* Info.plist */,
			);
			path = ZYLeadingPageController;
			sourceTree = "<group>";
		};
		D35CC4AA20B2C68F00DD56D8 /* ZYLeadingPageControllerTests */ = {
			isa = PBXGroup;
			children = (
				D35CC4AB20B2C68F00DD56D8 /* ZYLeadingPageControllerTests.swift */,
				D35CC4AD20B2C68F00DD56D8 /* Info.plist */,
			);
			path = ZYLeadingPageControllerTests;
			sourceTree = "<group>";
		};
		D35CC4B520B2C68F00DD56D8 /* ZYLeadingPageControllerUITests */ = {
			isa = PBXGroup;
			children = (
				D35CC4B620B2C68F00DD56D8 /* ZYLeadingPageControllerUITests.swift */,
				D35CC4B820B2C68F00DD56D8 /* Info.plist */,
			);
			path = ZYLeadingPageControllerUITests;
			sourceTree = "<group>";
		};
/* End PBXGroup section */

/* Begin PBXNativeTarget section */
		D35CC49220B2C68F00DD56D8 /* ZYLeadingPageController */ = {
			isa = PBXNativeTarget;
			buildConfigurationList = D35CC4BB20B2C68F00DD56D8 /* Build configuration list for PBXNativeTarget "ZYLeadingPageController" */;
			buildPhases = (
				D35CC48F20B2C68F00DD56D8 /* Sources */,
				D35CC49020B2C68F00DD56D8 /* Frameworks */,
				D35CC49120B2C68F00DD56D8 /* Resources */,
			);
			buildRules = (
			);
			dependencies = (
			);
			name = ZYLeadingPageController;
			productName = ZYLeadingPageController;
			productReference = D35CC49320B2C68F00DD56D8 /* ZYLeadingPageController.app */;
			productType = "com.apple.product-type.application";
		};
		D35CC4A620B2C68F00DD56D8 /* ZYLeadingPageControllerTests */ = {
			isa = PBXNativeTarget;
			buildConfigurationList = D35CC4BE20B2C68F00DD56D8 /* Build configuration list for PBXNativeTarget "ZYLeadingPageControllerTests" */;
			buildPhases = (
				D35CC4A320B2C68F00DD56D8 /* Sources */,
				D35CC4A420B2C68F00DD56D8 /* Frameworks */,
				D35CC4A520B2C68F00DD56D8 /* Resources */,
			);
			buildRules = (
			);
			dependencies = (
				D35CC4A920B2C68F00DD56D8 /* PBXTargetDependency */,
			);
			name = ZYLeadingPageControllerTests;
			productName = ZYLeadingPageControllerTests;
			productReference = D35CC4A720B2C68F00DD56D8 /* ZYLeadingPageControllerTests.xctest */;
			productType = "com.apple.product-type.bundle.unit-test";
		};
		D35CC4B120B2C68F00DD56D8 /* ZYLeadingPageControllerUITests */ = {
			isa = PBXNativeTarget;
			buildConfigurationList = D35CC4C120B2C68F00DD56D8 /* Build configuration list for PBXNativeTarget "ZYLeadingPageControllerUITests" */;
			buildPhases = (
				D35CC4AE20B2C68F00DD56D8 /* Sources */,
				D35CC4AF20B2C68F00DD56D8 /* Frameworks */,
				D35CC4B020B2C68F00DD56D8 /* Resources */,
			);
			buildRules = (
			);
			dependencies = (
				D35CC4B420B2C68F00DD56D8 /* PBXTargetDependency */,
			);
			name = ZYLeadingPageControllerUITests;
			productName = ZYLeadingPageControllerUITests;
			productReference = D35CC4B220B2C68F00DD56D8 /* ZYLeadingPageControllerUITests.xctest */;
			productType = "com.apple.product-type.bundle.ui-testing";
		};
/* End PBXNativeTarget section */

/* Begin PBXProject section */
		D35CC48B20B2C68F00DD56D8 /* Project object */ = {
			isa = PBXProject;
			attributes = {
				CLASSPREFIX = ZY;
				LastSwiftUpdateCheck = 0920;
				LastUpgradeCheck = 0920;
				ORGANIZATIONNAME = palm;
				TargetAttributes = {
					D35CC49220B2C68F00DD56D8 = {
						CreatedOnToolsVersion = 9.2;
						ProvisioningStyle = Automatic;
					};
					D35CC4A620B2C68F00DD56D8 = {
						CreatedOnToolsVersion = 9.2;
						ProvisioningStyle = Automatic;
						TestTargetID = D35CC49220B2C68F00DD56D8;
					};
					D35CC4B120B2C68F00DD56D8 = {
						CreatedOnToolsVersion = 9.2;
						ProvisioningStyle = Automatic;
						TestTargetID = D35CC49220B2C68F00DD56D8;
					};
				};
			};
			buildConfigurationList = D35CC48E20B2C68F00DD56D8 /* Build configuration list for PBXProject "ZYLeadingPageController" */;
			compatibilityVersion = "Xcode 8.0";
			developmentRegion = en;
			hasScannedForEncodings = 0;
			knownRegions = (
				en,
				Base,
			);
			mainGroup = D35CC48A20B2C68F00DD56D8;
			productRefGroup = D35CC49420B2C68F00DD56D8 /* Products */;
			projectDirPath = "";
			projectRoot = "";
			targets = (
				D35CC49220B2C68F00DD56D8 /* ZYLeadingPageController */,
				D35CC4A620B2C68F00DD56D8 /* ZYLeadingPageControllerTests */,
				D35CC4B120B2C68F00DD56D8 /* ZYLeadingPageControllerUITests */,
			);
		};
/* End PBXProject section */

/* Begin PBXResourcesBuildPhase section */
		D35CC49120B2C68F00DD56D8 /* Resources */ = {
			isa = PBXResourcesBuildPhase;
			buildActionMask = 2147483647;
			files = (
				D35CC4A120B2C68F00DD56D8 /* LaunchScreen.storyboard in Resources */,
				D35CC49E20B2C68F00DD56D8 /* Assets.xcassets in Resources */,
				D35CC49C20B2C68F00DD56D8 /* Main.storyboard in Resources */,
			);
			runOnlyForDeploymentPostprocessing = 0;
		};
		D35CC4A520B2C68F00DD56D8 /* Resources */ = {
			isa = PBXResourcesBuildPhase;
			buildActionMask = 2147483647;
			files = (
			);
			runOnlyForDeploymentPostprocessing = 0;
		};
		D35CC4B020B2C68F00DD56D8 /* Resources */ = {
			isa = PBXResourcesBuildPhase;
			buildActionMask = 2147483647;
			files = (
			);
			runOnlyForDeploymentPostprocessing = 0;
		};
/* End PBXResourcesBuildPhase section */

/* Begin PBXSourcesBuildPhase section */
		D35CC48F20B2C68F00DD56D8 /* Sources */ = {
			isa = PBXSourcesBuildPhase;
			buildActionMask = 2147483647;
			files = (
				D3733E0D20B3C394002A7088 /* ZYPageCell.swift in Sources */,
				D35CC49920B2C68F00DD56D8 /* ViewController.swift in Sources */,
				D35CC4C520B2C72400DD56D8 /* ZYPageController.swift in Sources */,
				D35CC49720B2C68F00DD56D8 /* AppDelegate.swift in Sources */,
				D35CC4C820B2D6EA00DD56D8 /* Constants.swift in Sources */,
			);
			runOnlyForDeploymentPostprocessing = 0;
		};
		D35CC4A320B2C68F00DD56D8 /* Sources */ = {
			isa = PBXSourcesBuildPhase;
			buildActionMask = 2147483647;
			files = (
				D35CC4AC20B2C68F00DD56D8 /* ZYLeadingPageControllerTests.swift in Sources */,
			);
			runOnlyForDeploymentPostprocessing = 0;
		};
		D35CC4AE20B2C68F00DD56D8 /* Sources */ = {
			isa = PBXSourcesBuildPhase;
			buildActionMask = 2147483647;
			files = (
				D35CC4B720B2C68F00DD56D8 /* ZYLeadingPageControllerUITests.swift in Sources */,
			);
			runOnlyForDeploymentPostprocessing = 0;
		};
/* End PBXSourcesBuildPhase section */

/* Begin PBXTargetDependency section */
		D35CC4A920B2C68F00DD56D8 /* PBXTargetDependency */ = {
			isa = PBXTargetDependency;
			target = D35CC49220B2C68F00DD56D8 /* ZYLeadingPageController */;
			targetProxy = D35CC4A820B2C68F00DD56D8 /* PBXContainerItemProxy */;
		};
		D35CC4B420B2C68F00DD56D8 /* PBXTargetDependency */ = {
			isa = PBXTargetDependency;
			target = D35CC49220B2C68F00DD56D8 /* ZYLeadingPageController */;
			targetProxy = D35CC4B320B2C68F00DD56D8 /* PBXContainerItemProxy */;
		};
/* End PBXTargetDependency section */

/* Begin PBXVariantGroup section */
		D35CC49A20B2C68F00DD56D8 /* Main.storyboard */ = {
			isa = PBXVariantGroup;
			children = (
				D35CC49B20B2C68F00DD56D8 /* Base */,
			);
			name = Main.storyboard;
			sourceTree = "<group>";
		};
		D35CC49F20B2C68F00DD56D8 /* LaunchScreen.storyboard */ = {
			isa = PBXVariantGroup;
			children = (
				D35CC4A020B2C68F00DD56D8 /* Base */,
			);
			name = LaunchScreen.storyboard;
			sourceTree = "<group>";
		};
/* End PBXVariantGroup section */

/* Begin XCBuildConfiguration section */
		D35CC4B920B2C68F00DD56D8 /* Debug */ = {
			isa = XCBuildConfiguration;
			buildSettings = {
				ALWAYS_SEARCH_USER_PATHS = NO;
				CLANG_ANALYZER_NONNULL = YES;
				CLANG_ANALYZER_NUMBER_OBJECT_CONVERSION = YES_AGGRESSIVE;
				CLANG_CXX_LANGUAGE_STANDARD = "gnu++14";
				CLANG_CXX_LIBRARY = "libc++";
				CLANG_ENABLE_MODULES = YES;
				CLANG_ENABLE_OBJC_ARC = YES;
				CLANG_WARN_BLOCK_CAPTURE_AUTORELEASING = YES;
				CLANG_WARN_BOOL_CONVERSION = YES;
				CLANG_WARN_COMMA = YES;
				CLANG_WARN_CONSTANT_CONVERSION = YES;
				CLANG_WARN_DIRECT_OBJC_ISA_USAGE = YES_ERROR;
				CLANG_WARN_DOCUMENTATION_COMMENTS = YES;
				CLANG_WARN_EMPTY_BODY = YES;
				CLANG_WARN_ENUM_CONVERSION = YES;
				CLANG_WARN_INFINITE_RECURSION = YES;
				CLANG_WARN_INT_CONVERSION = YES;
				CLANG_WARN_NON_LITERAL_NULL_CONVERSION = YES;
				CLANG_WARN_OBJC_LITERAL_CONVERSION = YES;
				CLANG_WARN_OBJC_ROOT_CLASS = YES_ERROR;
				CLANG_WARN_RANGE_LOOP_ANALYSIS = YES;
				CLANG_WARN_STRICT_PROTOTYPES = YES;
				CLANG_WARN_SUSPICIOUS_MOVE = YES;
				CLANG_WARN_UNGUARDED_AVAILABILITY = YES_AGGRESSIVE;
				CLANG_WARN_UNREACHABLE_CODE = YES;
				CLANG_WARN__DUPLICATE_METHOD_MATCH = YES;
				CODE_SIGN_IDENTITY = "iPhone Developer";
				COPY_PHASE_STRIP = NO;
				DEBUG_INFORMATION_FORMAT = dwarf;
				ENABLE_STRICT_OBJC_MSGSEND = YES;
				ENABLE_TESTABILITY = YES;
				GCC_C_LANGUAGE_STANDARD = gnu11;
				GCC_DYNAMIC_NO_PIC = NO;
				GCC_NO_COMMON_BLOCKS = YES;
				GCC_OPTIMIZATION_LEVEL = 0;
				GCC_PREPROCESSOR_DEFINITIONS = (
					"DEBUG=1",
					"$(inherited)",
				);
				GCC_WARN_64_TO_32_BIT_CONVERSION = YES;
				GCC_WARN_ABOUT_RETURN_TYPE = YES_ERROR;
				GCC_WARN_UNDECLARED_SELECTOR = YES;
				GCC_WARN_UNINITIALIZED_AUTOS = YES_AGGRESSIVE;
				GCC_WARN_UNUSED_FUNCTION = YES;
				GCC_WARN_UNUSED_VARIABLE = YES;
				IPHONEOS_DEPLOYMENT_TARGET = 11.2;
				MTL_ENABLE_DEBUG_INFO = YES;
				ONLY_ACTIVE_ARCH = YES;
				SDKROOT = iphoneos;
				SWIFT_ACTIVE_COMPILATION_CONDITIONS = DEBUG;
				SWIFT_OPTIMIZATION_LEVEL = "-Onone";
			};
			name = Debug;
		};
		D35CC4BA20B2C68F00DD56D8 /* Release */ = {
			isa = XCBuildConfiguration;
			buildSettings = {
				ALWAYS_SEARCH_USER_PATHS = NO;
				CLANG_ANALYZER_NONNULL = YES;
				CLANG_ANALYZER_NUMBER_OBJECT_CONVERSION = YES_AGGRESSIVE;
				CLANG_CXX_LANGUAGE_STANDARD = "gnu++14";
				CLANG_CXX_LIBRARY = "libc++";
				CLANG_ENABLE_MODULES = YES;
				CLANG_ENABLE_OBJC_ARC = YES;
				CLANG_WARN_BLOCK_CAPTURE_AUTORELEASING = YES;
				CLANG_WARN_BOOL_CONVERSION = YES;
				CLANG_WARN_COMMA = YES;
				CLANG_WARN_CONSTANT_CONVERSION = YES;
				CLANG_WARN_DIRECT_OBJC_ISA_USAGE = YES_ERROR;
				CLANG_WARN_DOCUMENTATION_COMMENTS = YES;
				CLANG_WARN_EMPTY_BODY = YES;
				CLANG_WARN_ENUM_CONVERSION = YES;
				CLANG_WARN_INFINITE_RECURSION = YES;
				CLANG_WARN_INT_CONVERSION = YES;
				CLANG_WARN_NON_LITERAL_NULL_CONVERSION = YES;
				CLANG_WARN_OBJC_LITERAL_CONVERSION = YES;
				CLANG_WARN_OBJC_ROOT_CLASS = YES_ERROR;
				CLANG_WARN_RANGE_LOOP_ANALYSIS = YES;
				CLANG_WARN_STRICT_PROTOTYPES = YES;
				CLANG_WARN_SUSPICIOUS_MOVE = YES;
				CLANG_WARN_UNGUARDED_AVAILABILITY = YES_AGGRESSIVE;
				CLANG_WARN_UNREACHABLE_CODE = YES;
				CLANG_WARN__DUPLICATE_METHOD_MATCH = YES;
				CODE_SIGN_IDENTITY = "iPhone Developer";
				COPY_PHASE_STRIP = NO;
				DEBUG_INFORMATION_FORMAT = "dwarf-with-dsym";
				ENABLE_NS_ASSERTIONS = NO;
				ENABLE_STRICT_OBJC_MSGSEND = YES;
				GCC_C_LANGUAGE_STANDARD = gnu11;
				GCC_NO_COMMON_BLOCKS = YES;
				GCC_WARN_64_TO_32_BIT_CONVERSION = YES;
				GCC_WARN_ABOUT_RETURN_TYPE = YES_ERROR;
				GCC_WARN_UNDECLARED_SELECTOR = YES;
				GCC_WARN_UNINITIALIZED_AUTOS = YES_AGGRESSIVE;
				GCC_WARN_UNUSED_FUNCTION = YES;
				GCC_WARN_UNUSED_VARIABLE = YES;
				IPHONEOS_DEPLOYMENT_TARGET = 11.2;
				MTL_ENABLE_DEBUG_INFO = NO;
				SDKROOT = iphoneos;
				SWIFT_OPTIMIZATION_LEVEL = "-Owholemodule";
				VALIDATE_PRODUCT = YES;
			};
			name = Release;
		};
		D35CC4BC20B2C68F00DD56D8 /* Debug */ = {
			isa = XCBuildConfiguration;
			buildSettings = {
				ASSETCATALOG_COMPILER_APPICON_NAME = AppIcon;
				CODE_SIGN_STYLE = Automatic;
				DEVELOPMENT_TEAM = 74YFY8W875;
				GCC_PREFIX_HEADER = "$(SRCROOT)/Constants.swift";
				INFOPLIST_FILE = ZYLeadingPageController/Info.plist;
				LD_RUNPATH_SEARCH_PATHS = "$(inherited) @executable_path/Frameworks";
				PRODUCT_BUNDLE_IDENTIFIER = cn.epay.ZYLeadingPageController;
				PRODUCT_NAME = "$(TARGET_NAME)";
				SWIFT_VERSION = 4.0;
				TARGETED_DEVICE_FAMILY = "1,2";
			};
			name = Debug;
		};
		D35CC4BD20B2C68F00DD56D8 /* Release */ = {
			isa = XCBuildConfiguration;
			buildSettings = {
				ASSETCATALOG_COMPILER_APPICON_NAME = AppIcon;
				CODE_SIGN_STYLE = Automatic;
				DEVELOPMENT_TEAM = 74YFY8W875;
				GCC_PREFIX_HEADER = "$(SRCROOT)/Constants.swift";
				INFOPLIST_FILE = ZYLeadingPageController/Info.plist;
				LD_RUNPATH_SEARCH_PATHS = "$(inherited) @executable_path/Frameworks";
				PRODUCT_BUNDLE_IDENTIFIER = cn.epay.ZYLeadingPageController;
				PRODUCT_NAME = "$(TARGET_NAME)";
				SWIFT_VERSION = 4.0;
				TARGETED_DEVICE_FAMILY = "1,2";
			};
			name = Release;
		};
		D35CC4BF20B2C68F00DD56D8 /* Debug */ = {
			isa = XCBuildConfiguration;
			buildSettings = {
				ALWAYS_EMBED_SWIFT_STANDARD_LIBRARIES = YES;
				BUNDLE_LOADER = "$(TEST_HOST)";
				CODE_SIGN_STYLE = Automatic;
				INFOPLIST_FILE = ZYLeadingPageControllerTests/Info.plist;
				LD_RUNPATH_SEARCH_PATHS = "$(inherited) @executable_path/Frameworks @loader_path/Frameworks";
				PRODUCT_BUNDLE_IDENTIFIER = cn.epay.ZYLeadingPageControllerTests;
				PRODUCT_NAME = "$(TARGET_NAME)";
				SWIFT_VERSION = 4.0;
				TARGETED_DEVICE_FAMILY = "1,2";
				TEST_HOST = "$(BUILT_PRODUCTS_DIR)/ZYLeadingPageController.app/ZYLeadingPageController";
			};
			name = Debug;
		};
		D35CC4C020B2C68F00DD56D8 /* Release */ = {
			isa = XCBuildConfiguration;
			buildSettings = {
				ALWAYS_EMBED_SWIFT_STANDARD_LIBRARIES = YES;
				BUNDLE_LOADER = "$(TEST_HOST)";
				CODE_SIGN_STYLE = Automatic;
				INFOPLIST_FILE = ZYLeadingPageControllerTests/Info.plist;
				LD_RUNPATH_SEARCH_PATHS = "$(inherited) @executable_path/Frameworks @loader_path/Frameworks";
				PRODUCT_BUNDLE_IDENTIFIER = cn.epay.ZYLeadingPageControllerTests;
				PRODUCT_NAME = "$(TARGET_NAME)";
				SWIFT_VERSION = 4.0;
				TARGETED_DEVICE_FAMILY = "1,2";
				TEST_HOST = "$(BUILT_PRODUCTS_DIR)/ZYLeadingPageController.app/ZYLeadingPageController";
			};
			name = Release;
		};
		D35CC4C220B2C68F00DD56D8 /* Debug */ = {
			isa = XCBuildConfiguration;
			buildSettings = {
				ALWAYS_EMBED_SWIFT_STANDARD_LIBRARIES = YES;
				CODE_SIGN_STYLE = Automatic;
				INFOPLIST_FILE = ZYLeadingPageControllerUITests/Info.plist;
				LD_RUNPATH_SEARCH_PATHS = "$(inherited) @executable_path/Frameworks @loader_path/Frameworks";
				PRODUCT_BUNDLE_IDENTIFIER = cn.epay.ZYLeadingPageControllerUITests;
				PRODUCT_NAME = "$(TARGET_NAME)";
				SWIFT_VERSION = 4.0;
				TARGETED_DEVICE_FAMILY = "1,2";
				TEST_TARGET_NAME = ZYLeadingPageController;
			};
			name = Debug;
		};
		D35CC4C320B2C68F00DD56D8 /* Release */ = {
			isa = XCBuildConfiguration;
			buildSettings = {
				ALWAYS_EMBED_SWIFT_STANDARD_LIBRARIES = YES;
				CODE_SIGN_STYLE = Automatic;
				INFOPLIST_FILE = ZYLeadingPageControllerUITests/Info.plist;
				LD_RUNPATH_SEARCH_PATHS = "$(inherited) @executable_path/Frameworks @loader_path/Frameworks";
				PRODUCT_BUNDLE_IDENTIFIER = cn.epay.ZYLeadingPageControllerUITests;
				PRODUCT_NAME = "$(TARGET_NAME)";
				SWIFT_VERSION = 4.0;
				TARGETED_DEVICE_FAMILY = "1,2";
				TEST_TARGET_NAME = ZYLeadingPageController;
			};
			name = Release;
		};
/* End XCBuildConfiguration section */

/* Begin XCConfigurationList section */
		D35CC48E20B2C68F00DD56D8 /* Build configuration list for PBXProject "ZYLeadingPageController" */ = {
			isa = XCConfigurationList;
			buildConfigurations = (
				D35CC4B920B2C68F00DD56D8 /* Debug */,
				D35CC4BA20B2C68F00DD56D8 /* Release */,
			);
			defaultConfigurationIsVisible = 0;
			defaultConfigurationName = Release;
		};
		D35CC4BB20B2C68F00DD56D8 /* Build configuration list for PBXNativeTarget "ZYLeadingPageController" */ = {
			isa = XCConfigurationList;
			buildConfigurations = (
				D35CC4BC20B2C68F00DD56D8 /* Debug */,
				D35CC4BD20B2C68F00DD56D8 /* Release */,
			);
			defaultConfigurationIsVisible = 0;
			defaultConfigurationName = Release;
		};
		D35CC4BE20B2C68F00DD56D8 /* Build configuration list for PBXNativeTarget "ZYLeadingPageControllerTests" */ = {
			isa = XCConfigurationList;
			buildConfigurations = (
				D35CC4BF20B2C68F00DD56D8 /* Debug */,
				D35CC4C020B2C68F00DD56D8 /* Release */,
			);
			defaultConfigurationIsVisible = 0;
			defaultConfigurationName = Release;
		};
		D35CC4C120B2C68F00DD56D8 /* Build configuration list for PBXNativeTarget "ZYLeadingPageControllerUITests" */ = {
			isa = XCConfigurationList;
			buildConfigurations = (
				D35CC4C220B2C68F00DD56D8 /* Debug */,
				D35CC4C320B2C68F00DD56D8 /* Release */,
			);
			defaultConfigurationIsVisible = 0;
			defaultConfigurationName = Release;
		};
/* End XCConfigurationList section */
	};
	rootObject = D35CC48B20B2C68F00DD56D8 /* Project object */;
}
